
Microsoft Visual Studio Solution File, Format Version 12.00
# Visual Studio Version 17
VisualStudioVersion = 17.0.32112.339
MinimumVisualStudioVersion = 10.0.40219.1
Project("{FAE04EC0-301F-11D3-BF4B-00C04F79EFBC}") = "UP_Exercise 2", "UP_Exercise 2\UP_Exercise 2.csproj", "{B7585F54-08FF-4514-BB1F-D3DB3A5A9A6B}"
EndProject
Global
	GlobalSection(SolutionConfigurationPlatforms) = preSolution
		Debug|Any CPU = Debug|Any CPU
		Release|Any CPU = Release|Any CPU
	EndGlobalSection
	GlobalSection(ProjectConfigurationPlatforms) = postSolution
		{B7585F54-08FF-4514-BB1F-D3DB3A5A9A6B}.Debug|Any CPU.ActiveCfg = Debug|Any CPU
		{B7585F54-08FF-4514-BB1F-D3DB3A5A9A6B}.Debug|Any CPU.Build.0 = Debug|Any CPU
		{B7585F54-08FF-4514-BB1F-D3DB3A5A9A6B}.Release|Any CPU.ActiveCfg = Release|Any CPU
		{B7585F54-08FF-4514-BB1F-D3DB3A5A9A6B}.Release|Any CPU.Build.0 = Release|Any CPU
	EndGlobalSection
	GlobalSection(SolutionProperties) = preSolution
		HideSolutionNode = FALSE
	EndGlobalSection
	GlobalSection(ExtensibilityGlobals) = postSolution
		SolutionGuid = {3CCC7D66-7304-4FC8-AF39-FE4D16E4D693}
	EndGlobalSection
EndGlobal
